
Microsoft Visual Studio Solution File, Format Version 12.00
# Visual Studio Version 17
VisualStudioVersion = 17.2.32516.85
MinimumVisualStudioVersion = 10.0.40219.1
Project("{9A19103F-16F7-4668-BE54-9A1E7A4F7556}") = "KegMonitor.Client", "KegMonitor.Client\KegMonitor.Client.csproj", "{533A246A-91E3-4811-AFEA-69C002F0DCCA}"
EndProject
Project("{9A19103F-16F7-4668-BE54-9A1E7A4F7556}") = "KegMonitor.Server", "KegMonitor.Server\KegMonitor.Server.csproj", "{ED0C9D2B-4B8E-4DD5-ABE5-601178BFBD2C}"
EndProject
Project("{9A19103F-16F7-4668-BE54-9A1E7A4F7556}") = "KegMonitor.Core", "KegMonitor.Core\KegMonitor.Core.csproj", "{2C75E67F-1D13-48CC-AC5C-A1E2DA2FD932}"
EndProject
Project("{2150E333-8FDC-42A3-9474-1A3956D46DE8}") = "Solution Items", "Solution Items", "{B4B70C5F-2903-417A-8825-0323D0C49AD7}"
	ProjectSection(SolutionItems) = preProject
		.editorconfig = .editorconfig
	EndProjectSection
EndProject
Project("{9A19103F-16F7-4668-BE54-9A1E7A4F7556}") = "KegMonitor.Infrastructure.EntityFramework", "KegMonitor.Infrastructure.EntityFramework\KegMonitor.Infrastructure.EntityFramework.csproj", "{1CEA40B7-4188-464A-8C19-F73AE513EA05}"
EndProject
Project("{9A19103F-16F7-4668-BE54-9A1E7A4F7556}") = "KegMonitor.Web", "KegMonitor.Web\KegMonitor.Web.csproj", "{CAB27CF0-FF87-46D2-B5EF-28239A5ED481}"
EndProject
Global
	GlobalSection(SolutionConfigurationPlatforms) = preSolution
		Debug|Any CPU = Debug|Any CPU
		Release|Any CPU = Release|Any CPU
	EndGlobalSection
	GlobalSection(ProjectConfigurationPlatforms) = postSolution
		{533A246A-91E3-4811-AFEA-69C002F0DCCA}.Debug|Any CPU.ActiveCfg = Debug|Any CPU
		{533A246A-91E3-4811-AFEA-69C002F0DCCA}.Debug|Any CPU.Build.0 = Debug|Any CPU
		{533A246A-91E3-4811-AFEA-69C002F0DCCA}.Release|Any CPU.ActiveCfg = Release|Any CPU
		{533A246A-91E3-4811-AFEA-69C002F0DCCA}.Release|Any CPU.Build.0 = Release|Any CPU
		{ED0C9D2B-4B8E-4DD5-ABE5-601178BFBD2C}.Debug|Any CPU.ActiveCfg = Debug|Any CPU
		{ED0C9D2B-4B8E-4DD5-ABE5-601178BFBD2C}.Debug|Any CPU.Build.0 = Debug|Any CPU
		{ED0C9D2B-4B8E-4DD5-ABE5-601178BFBD2C}.Release|Any CPU.ActiveCfg = Release|Any CPU
		{ED0C9D2B-4B8E-4DD5-ABE5-601178BFBD2C}.Release|Any CPU.Build.0 = Release|Any CPU
		{2C75E67F-1D13-48CC-AC5C-A1E2DA2FD932}.Debug|Any CPU.ActiveCfg = Debug|Any CPU
		{2C75E67F-1D13-48CC-AC5C-A1E2DA2FD932}.Debug|Any CPU.Build.0 = Debug|Any CPU
		{2C75E67F-1D13-48CC-AC5C-A1E2DA2FD932}.Release|Any CPU.ActiveCfg = Release|Any CPU
		{2C75E67F-1D13-48CC-AC5C-A1E2DA2FD932}.Release|Any CPU.Build.0 = Release|Any CPU
		{1CEA40B7-4188-464A-8C19-F73AE513EA05}.Debug|Any CPU.ActiveCfg = Debug|Any CPU
		{1CEA40B7-4188-464A-8C19-F73AE513EA05}.Debug|Any CPU.Build.0 = Debug|Any CPU
		{1CEA40B7-4188-464A-8C19-F73AE513EA05}.Release|Any CPU.ActiveCfg = Release|Any CPU
		{1CEA40B7-4188-464A-8C19-F73AE513EA05}.Release|Any CPU.Build.0 = Release|Any CPU
		{CAB27CF0-FF87-46D2-B5EF-28239A5ED481}.Debug|Any CPU.ActiveCfg = Debug|Any CPU
		{CAB27CF0-FF87-46D2-B5EF-28239A5ED481}.Debug|Any CPU.Build.0 = Debug|Any CPU
		{CAB27CF0-FF87-46D2-B5EF-28239A5ED481}.Release|Any CPU.ActiveCfg = Release|Any CPU
		{CAB27CF0-FF87-46D2-B5EF-28239A5ED481}.Release|Any CPU.Build.0 = Release|Any CPU
	EndGlobalSection
	GlobalSection(SolutionProperties) = preSolution
		HideSolutionNode = FALSE
	EndGlobalSection
	GlobalSection(ExtensibilityGlobals) = postSolution
		SolutionGuid = {B4C3CBA7-77B3-42B2-8936-BF2B66F9F549}
	EndGlobalSection
EndGlobal
